// !$*UTF8*$!
{
	archiveVersion = 1;
	classes = {
	};
	objectVersion = 55;
	objects = {

/* Begin PBXBuildFile section */
		2D126BDF28AD6888008DB6CD /* AppDelegate.swift in Sources */ = {isa = PBXBuildFile; fileRef = 2D126BDE28AD6888008DB6CD /* AppDelegate.swift */; };
		2D126BE128AD6888008DB6CD /* SceneDelegate.swift in Sources */ = {isa = PBXBuildFile; fileRef = 2D126BE028AD6888008DB6CD /* SceneDelegate.swift */; };
		2D126BE828AD688A008DB6CD /* Assets.xcassets in Resources */ = {isa = PBXBuildFile; fileRef = 2D126BE728AD688A008DB6CD /* Assets.xcassets */; };
		2D126BEB28AD688A008DB6CD /* LaunchScreen.storyboard in Resources */ = {isa = PBXBuildFile; fileRef = 2D126BE928AD688A008DB6CD /* LaunchScreen.storyboard */; };
		2D188C8428AE6BF7004BD41D /* PostTableViewCell.swift in Sources */ = {isa = PBXBuildFile; fileRef = 2D188C8328AE6BF7004BD41D /* PostTableViewCell.swift */; };
		2D188C9328AE7211004BD41D /* PostsDetailPresenter.swift in Sources */ = {isa = PBXBuildFile; fileRef = 2D188C8A28AE7210004BD41D /* PostsDetailPresenter.swift */; };
		2D188C9428AE7211004BD41D /* PostsDetailProtocol.swift in Sources */ = {isa = PBXBuildFile; fileRef = 2D188C8C28AE7210004BD41D /* PostsDetailProtocol.swift */; };
		2D188C9528AE7211004BD41D /* PostsDetailViewController.swift in Sources */ = {isa = PBXBuildFile; fileRef = 2D188C8E28AE7210004BD41D /* PostsDetailViewController.swift */; };
		2D188C9628AE7211004BD41D /* PostsDetailInteractor.swift in Sources */ = {isa = PBXBuildFile; fileRef = 2D188C9028AE7210004BD41D /* PostsDetailInteractor.swift */; };
		2D188C9728AE7211004BD41D /* PostsDetailRouter.swift in Sources */ = {isa = PBXBuildFile; fileRef = 2D188C9228AE7210004BD41D /* PostsDetailRouter.swift */; };
		2D2F268328AD6B5200DEA832 /* Domain.framework in Frameworks */ = {isa = PBXBuildFile; fileRef = 2D2F268128AD6B5200DEA832 /* Domain.framework */; };
		2D2F268428AD6B5200DEA832 /* Domain.framework in Embed Frameworks */ = {isa = PBXBuildFile; fileRef = 2D2F268128AD6B5200DEA832 /* Domain.framework */; settings = {ATTRIBUTES = (CodeSignOnCopy, RemoveHeadersOnCopy, ); }; };
		2D2F268528AD6B5200DEA832 /* Infrastructure.framework in Frameworks */ = {isa = PBXBuildFile; fileRef = 2D2F268228AD6B5200DEA832 /* Infrastructure.framework */; };
		2D2F268628AD6B5200DEA832 /* Infrastructure.framework in Embed Frameworks */ = {isa = PBXBuildFile; fileRef = 2D2F268228AD6B5200DEA832 /* Infrastructure.framework */; settings = {ATTRIBUTES = (CodeSignOnCopy, RemoveHeadersOnCopy, ); }; };
		2DB2342028ADA72A00A0E245 /* PostsPresenter.swift in Sources */ = {isa = PBXBuildFile; fileRef = 2DB2341728ADA72A00A0E245 /* PostsPresenter.swift */; };
		2DB2342128ADA72A00A0E245 /* PostsProtocol.swift in Sources */ = {isa = PBXBuildFile; fileRef = 2DB2341928ADA72A00A0E245 /* PostsProtocol.swift */; };
		2DB2342228ADA72A00A0E245 /* PostsViewController.swift in Sources */ = {isa = PBXBuildFile; fileRef = 2DB2341B28ADA72A00A0E245 /* PostsViewController.swift */; };
		2DB2342328ADA72A00A0E245 /* PostsInteractor.swift in Sources */ = {isa = PBXBuildFile; fileRef = 2DB2341D28ADA72A00A0E245 /* PostsInteractor.swift */; };
		2DB2342428ADA72A00A0E245 /* PostsRouter.swift in Sources */ = {isa = PBXBuildFile; fileRef = 2DB2341F28ADA72A00A0E245 /* PostsRouter.swift */; };
/* End PBXBuildFile section */

/* Begin PBXCopyFilesBuildPhase section */
		2D2F268728AD6B5200DEA832 /* Embed Frameworks */ = {
			isa = PBXCopyFilesBuildPhase;
			buildActionMask = 2147483647;
			dstPath = "";
			dstSubfolderSpec = 10;
			files = (
				2D2F268428AD6B5200DEA832 /* Domain.framework in Embed Frameworks */,
				2D2F268628AD6B5200DEA832 /* Infrastructure.framework in Embed Frameworks */,
			);
			name = "Embed Frameworks";
			runOnlyForDeploymentPostprocessing = 0;
		};
/* End PBXCopyFilesBuildPhase section */

/* Begin PBXFileReference section */
		2D126BDB28AD6888008DB6CD /* ZemogaTest.app */ = {isa = PBXFileReference; explicitFileType = wrapper.application; includeInIndex = 0; path = ZemogaTest.app; sourceTree = BUILT_PRODUCTS_DIR; };
		2D126BDE28AD6888008DB6CD /* AppDelegate.swift */ = {isa = PBXFileReference; lastKnownFileType = sourcecode.swift; path = AppDelegate.swift; sourceTree = "<group>"; };
		2D126BE028AD6888008DB6CD /* SceneDelegate.swift */ = {isa = PBXFileReference; lastKnownFileType = sourcecode.swift; path = SceneDelegate.swift; sourceTree = "<group>"; };
		2D126BE728AD688A008DB6CD /* Assets.xcassets */ = {isa = PBXFileReference; lastKnownFileType = folder.assetcatalog; path = Assets.xcassets; sourceTree = "<group>"; };
		2D126BEA28AD688A008DB6CD /* Base */ = {isa = PBXFileReference; lastKnownFileType = file.storyboard; name = Base; path = Base.lproj/LaunchScreen.storyboard; sourceTree = "<group>"; };
		2D126BEC28AD688A008DB6CD /* Info.plist */ = {isa = PBXFileReference; lastKnownFileType = text.plist.xml; path = Info.plist; sourceTree = "<group>"; };
		2D188C7728ADF29F004BD41D /* MyNetworking.framework */ = {isa = PBXFileReference; explicitFileType = wrapper.framework; path = MyNetworking.framework; sourceTree = BUILT_PRODUCTS_DIR; };
		2D188C8328AE6BF7004BD41D /* PostTableViewCell.swift */ = {isa = PBXFileReference; lastKnownFileType = sourcecode.swift; path = PostTableViewCell.swift; sourceTree = "<group>"; };
		2D188C8A28AE7210004BD41D /* PostsDetailPresenter.swift */ = {isa = PBXFileReference; fileEncoding = 4; lastKnownFileType = sourcecode.swift; path = PostsDetailPresenter.swift; sourceTree = "<group>"; };
		2D188C8C28AE7210004BD41D /* PostsDetailProtocol.swift */ = {isa = PBXFileReference; fileEncoding = 4; lastKnownFileType = sourcecode.swift; path = PostsDetailProtocol.swift; sourceTree = "<group>"; };
		2D188C8E28AE7210004BD41D /* PostsDetailViewController.swift */ = {isa = PBXFileReference; fileEncoding = 4; lastKnownFileType = sourcecode.swift; path = PostsDetailViewController.swift; sourceTree = "<group>"; };
		2D188C9028AE7210004BD41D /* PostsDetailInteractor.swift */ = {isa = PBXFileReference; fileEncoding = 4; lastKnownFileType = sourcecode.swift; path = PostsDetailInteractor.swift; sourceTree = "<group>"; };
		2D188C9228AE7210004BD41D /* PostsDetailRouter.swift */ = {isa = PBXFileReference; fileEncoding = 4; lastKnownFileType = sourcecode.swift; path = PostsDetailRouter.swift; sourceTree = "<group>"; };
		2D2F268128AD6B5200DEA832 /* Domain.framework */ = {isa = PBXFileReference; explicitFileType = wrapper.framework; path = Domain.framework; sourceTree = BUILT_PRODUCTS_DIR; };
		2D2F268228AD6B5200DEA832 /* Infrastructure.framework */ = {isa = PBXFileReference; explicitFileType = wrapper.framework; path = Infrastructure.framework; sourceTree = BUILT_PRODUCTS_DIR; };
		2DB2341728ADA72A00A0E245 /* PostsPresenter.swift */ = {isa = PBXFileReference; fileEncoding = 4; lastKnownFileType = sourcecode.swift; path = PostsPresenter.swift; sourceTree = "<group>"; };
		2DB2341928ADA72A00A0E245 /* PostsProtocol.swift */ = {isa = PBXFileReference; fileEncoding = 4; lastKnownFileType = sourcecode.swift; path = PostsProtocol.swift; sourceTree = "<group>"; };
		2DB2341B28ADA72A00A0E245 /* PostsViewController.swift */ = {isa = PBXFileReference; fileEncoding = 4; lastKnownFileType = sourcecode.swift; path = PostsViewController.swift; sourceTree = "<group>"; };
		2DB2341D28ADA72A00A0E245 /* PostsInteractor.swift */ = {isa = PBXFileReference; fileEncoding = 4; lastKnownFileType = sourcecode.swift; path = PostsInteractor.swift; sourceTree = "<group>"; };
		2DB2341F28ADA72A00A0E245 /* PostsRouter.swift */ = {isa = PBXFileReference; fileEncoding = 4; lastKnownFileType = sourcecode.swift; path = PostsRouter.swift; sourceTree = "<group>"; };
		2DCA664728AD899400328E04 /* Networking.framework */ = {isa = PBXFileReference; explicitFileType = wrapper.framework; path = Networking.framework; sourceTree = BUILT_PRODUCTS_DIR; };
/* End PBXFileReference section */

/* Begin PBXFrameworksBuildPhase section */
		2D126BD828AD6888008DB6CD /* Frameworks */ = {
			isa = PBXFrameworksBuildPhase;
			buildActionMask = 2147483647;
			files = (
				2D2F268328AD6B5200DEA832 /* Domain.framework in Frameworks */,
				2D2F268528AD6B5200DEA832 /* Infrastructure.framework in Frameworks */,
			);
			runOnlyForDeploymentPostprocessing = 0;
		};
/* End PBXFrameworksBuildPhase section */

/* Begin PBXGroup section */
		2D126BD228AD6887008DB6CD = {
			isa = PBXGroup;
			children = (
				2D126BDD28AD6888008DB6CD /* ZemogaTest */,
				2D126BDC28AD6888008DB6CD /* Products */,
				2D2F268028AD6B5200DEA832 /* Frameworks */,
			);
			sourceTree = "<group>";
		};
		2D126BDC28AD6888008DB6CD /* Products */ = {
			isa = PBXGroup;
			children = (
				2D126BDB28AD6888008DB6CD /* ZemogaTest.app */,
			);
			name = Products;
			sourceTree = "<group>";
		};
		2D126BDD28AD6888008DB6CD /* ZemogaTest */ = {
			isa = PBXGroup;
			children = (
				2D188C8728AE7210004BD41D /* PostsDetail */,
				2DB2341428ADA72A00A0E245 /* Posts */,
				2D126BDE28AD6888008DB6CD /* AppDelegate.swift */,
				2D126BE028AD6888008DB6CD /* SceneDelegate.swift */,
				2D126BE728AD688A008DB6CD /* Assets.xcassets */,
				2D126BE928AD688A008DB6CD /* LaunchScreen.storyboard */,
				2D126BEC28AD688A008DB6CD /* Info.plist */,
			);
			path = ZemogaTest;
			sourceTree = "<group>";
		};
		2D188C8728AE7210004BD41D /* PostsDetail */ = {
			isa = PBXGroup;
			children = (
				2D188C8828AE7210004BD41D /* Entity */,
				2D188C8928AE7210004BD41D /* Presenter */,
				2D188C8B28AE7210004BD41D /* Protocol */,
				2D188C8D28AE7210004BD41D /* View */,
				2D188C8F28AE7210004BD41D /* Interactor */,
				2D188C9128AE7210004BD41D /* Router */,
			);
			path = PostsDetail;
			sourceTree = "<group>";
		};
		2D188C8828AE7210004BD41D /* Entity */ = {
			isa = PBXGroup;
			children = (
			);
			path = Entity;
			sourceTree = "<group>";
		};
		2D188C8928AE7210004BD41D /* Presenter */ = {
			isa = PBXGroup;
			children = (
				2D188C8A28AE7210004BD41D /* PostsDetailPresenter.swift */,
			);
			path = Presenter;
			sourceTree = "<group>";
		};
		2D188C8B28AE7210004BD41D /* Protocol */ = {
			isa = PBXGroup;
			children = (
				2D188C8C28AE7210004BD41D /* PostsDetailProtocol.swift */,
			);
			path = Protocol;
			sourceTree = "<group>";
		};
		2D188C8D28AE7210004BD41D /* View */ = {
			isa = PBXGroup;
			children = (
				2D188C8E28AE7210004BD41D /* PostsDetailViewController.swift */,
			);
			path = View;
			sourceTree = "<group>";
		};
		2D188C8F28AE7210004BD41D /* Interactor */ = {
			isa = PBXGroup;
			children = (
				2D188C9028AE7210004BD41D /* PostsDetailInteractor.swift */,
			);
			path = Interactor;
			sourceTree = "<group>";
		};
		2D188C9128AE7210004BD41D /* Router */ = {
			isa = PBXGroup;
			children = (
				2D188C9228AE7210004BD41D /* PostsDetailRouter.swift */,
			);
			path = Router;
			sourceTree = "<group>";
		};
		2D2F268028AD6B5200DEA832 /* Frameworks */ = {
			isa = PBXGroup;
			children = (
				2D188C7728ADF29F004BD41D /* MyNetworking.framework */,
				2DCA664728AD899400328E04 /* Networking.framework */,
				2D2F268128AD6B5200DEA832 /* Domain.framework */,
				2D2F268228AD6B5200DEA832 /* Infrastructure.framework */,
			);
			name = Frameworks;
			sourceTree = "<group>";
		};
		2DB2341428ADA72A00A0E245 /* Posts */ = {
			isa = PBXGroup;
			children = (
				2DB2341528ADA72A00A0E245 /* Entity */,
				2DB2341628ADA72A00A0E245 /* Presenter */,
				2DB2341828ADA72A00A0E245 /* Protocol */,
				2DB2341A28ADA72A00A0E245 /* View */,
				2DB2341C28ADA72A00A0E245 /* Interactor */,
				2DB2341E28ADA72A00A0E245 /* Router */,
			);
			path = Posts;
			sourceTree = "<group>";
		};
		2DB2341528ADA72A00A0E245 /* Entity */ = {
			isa = PBXGroup;
			children = (
			);
			path = Entity;
			sourceTree = "<group>";
		};
		2DB2341628ADA72A00A0E245 /* Presenter */ = {
			isa = PBXGroup;
			children = (
				2DB2341728ADA72A00A0E245 /* PostsPresenter.swift */,
			);
			path = Presenter;
			sourceTree = "<group>";
		};
		2DB2341828ADA72A00A0E245 /* Protocol */ = {
			isa = PBXGroup;
			children = (
				2DB2341928ADA72A00A0E245 /* PostsProtocol.swift */,
			);
			path = Protocol;
			sourceTree = "<group>";
		};
		2DB2341A28ADA72A00A0E245 /* View */ = {
			isa = PBXGroup;
			children = (
				2DB2341B28ADA72A00A0E245 /* PostsViewController.swift */,
				2D188C8328AE6BF7004BD41D /* PostTableViewCell.swift */,
			);
			path = View;
			sourceTree = "<group>";
		};
		2DB2341C28ADA72A00A0E245 /* Interactor */ = {
			isa = PBXGroup;
			children = (
				2DB2341D28ADA72A00A0E245 /* PostsInteractor.swift */,
			);
			path = Interactor;
			sourceTree = "<group>";
		};
		2DB2341E28ADA72A00A0E245 /* Router */ = {
			isa = PBXGroup;
			children = (
				2DB2341F28ADA72A00A0E245 /* PostsRouter.swift */,
			);
			path = Router;
			sourceTree = "<group>";
		};
/* End PBXGroup section */

/* Begin PBXNativeTarget section */
		2D126BDA28AD6888008DB6CD /* ZemogaTest */ = {
			isa = PBXNativeTarget;
			buildConfigurationList = 2D126BEF28AD688A008DB6CD /* Build configuration list for PBXNativeTarget "ZemogaTest" */;
			buildPhases = (
				2D126BD728AD6888008DB6CD /* Sources */,
				2D126BD828AD6888008DB6CD /* Frameworks */,
				2D126BD928AD6888008DB6CD /* Resources */,
				2D2F268728AD6B5200DEA832 /* Embed Frameworks */,
			);
			buildRules = (
			);
			dependencies = (
			);
			name = ZemogaTest;
			productName = ZemogaTest;
			productReference = 2D126BDB28AD6888008DB6CD /* ZemogaTest.app */;
			productType = "com.apple.product-type.application";
		};
/* End PBXNativeTarget section */

/* Begin PBXProject section */
		2D126BD328AD6887008DB6CD /* Project object */ = {
			isa = PBXProject;
			attributes = {
				BuildIndependentTargetsInParallel = 1;
				LastSwiftUpdateCheck = 1340;
				LastUpgradeCheck = 1340;
				TargetAttributes = {
					2D126BDA28AD6888008DB6CD = {
						CreatedOnToolsVersion = 13.4.1;
					};
				};
			};
			buildConfigurationList = 2D126BD628AD6887008DB6CD /* Build configuration list for PBXProject "ZemogaTest" */;
			compatibilityVersion = "Xcode 13.0";
			developmentRegion = en;
			hasScannedForEncodings = 0;
			knownRegions = (
				en,
				Base,
			);
			mainGroup = 2D126BD228AD6887008DB6CD;
			productRefGroup = 2D126BDC28AD6888008DB6CD /* Products */;
			projectDirPath = "";
			projectRoot = "";
			targets = (
				2D126BDA28AD6888008DB6CD /* ZemogaTest */,
			);
		};
/* End PBXProject section */

/* Begin PBXResourcesBuildPhase section */
		2D126BD928AD6888008DB6CD /* Resources */ = {
			isa = PBXResourcesBuildPhase;
			buildActionMask = 2147483647;
			files = (
				2D126BEB28AD688A008DB6CD /* LaunchScreen.storyboard in Resources */,
				2D126BE828AD688A008DB6CD /* Assets.xcassets in Resources */,
			);
			runOnlyForDeploymentPostprocessing = 0;
		};
/* End PBXResourcesBuildPhase section */

/* Begin PBXSourcesBuildPhase section */
		2D126BD728AD6888008DB6CD /* Sources */ = {
			isa = PBXSourcesBuildPhase;
			buildActionMask = 2147483647;
			files = (
				2DB2342228ADA72A00A0E245 /* PostsViewController.swift in Sources */,
				2D188C9628AE7211004BD41D /* PostsDetailInteractor.swift in Sources */,
				2DB2342328ADA72A00A0E245 /* PostsInteractor.swift in Sources */,
				2DB2342028ADA72A00A0E245 /* PostsPresenter.swift in Sources */,
				2D188C8428AE6BF7004BD41D /* PostTableViewCell.swift in Sources */,
				2DB2342128ADA72A00A0E245 /* PostsProtocol.swift in Sources */,
				2D188C9528AE7211004BD41D /* PostsDetailViewController.swift in Sources */,
				2D126BDF28AD6888008DB6CD /* AppDelegate.swift in Sources */,
				2D188C9428AE7211004BD41D /* PostsDetailProtocol.swift in Sources */,
				2DB2342428ADA72A00A0E245 /* PostsRouter.swift in Sources */,
				2D188C9328AE7211004BD41D /* PostsDetailPresenter.swift in Sources */,
				2D126BE128AD6888008DB6CD /* SceneDelegate.swift in Sources */,
				2D188C9728AE7211004BD41D /* PostsDetailRouter.swift in Sources */,
			);
			runOnlyForDeploymentPostprocessing = 0;
		};
/* End PBXSourcesBuildPhase section */

/* Begin PBXVariantGroup section */
		2D126BE928AD688A008DB6CD /* LaunchScreen.storyboard */ = {
			isa = PBXVariantGroup;
			children = (
				2D126BEA28AD688A008DB6CD /* Base */,
			);
			name = LaunchScreen.storyboard;
			sourceTree = "<group>";
		};
/* End PBXVariantGroup section */

/* Begin XCBuildConfiguration section */
		2D126BED28AD688A008DB6CD /* Debug */ = {
			isa = XCBuildConfiguration;
			buildSettings = {
				ALWAYS_SEARCH_USER_PATHS = NO;
				CLANG_ANALYZER_NONNULL = YES;
				CLANG_ANALYZER_NUMBER_OBJECT_CONVERSION = YES_AGGRESSIVE;
				CLANG_CXX_LANGUAGE_STANDARD = "gnu++17";
				CLANG_ENABLE_MODULES = YES;
				CLANG_ENABLE_OBJC_ARC = YES;
				CLANG_ENABLE_OBJC_WEAK = YES;
				CLANG_WARN_BLOCK_CAPTURE_AUTORELEASING = YES;
				CLANG_WARN_BOOL_CONVERSION = YES;
				CLANG_WARN_COMMA = YES;
				CLANG_WARN_CONSTANT_CONVERSION = YES;
				CLANG_WARN_DEPRECATED_OBJC_IMPLEMENTATIONS = YES;
				CLANG_WARN_DIRECT_OBJC_ISA_USAGE = YES_ERROR;
				CLANG_WARN_DOCUMENTATION_COMMENTS = YES;
				CLANG_WARN_EMPTY_BODY = YES;
				CLANG_WARN_ENUM_CONVERSION = YES;
				CLANG_WARN_INFINITE_RECURSION = YES;
				CLANG_WARN_INT_CONVERSION = YES;
				CLANG_WARN_NON_LITERAL_NULL_CONVERSION = YES;
				CLANG_WARN_OBJC_IMPLICIT_RETAIN_SELF = YES;
				CLANG_WARN_OBJC_LITERAL_CONVERSION = YES;
				CLANG_WARN_OBJC_ROOT_CLASS = YES_ERROR;
				CLANG_WARN_QUOTED_INCLUDE_IN_FRAMEWORK_HEADER = YES;
				CLANG_WARN_RANGE_LOOP_ANALYSIS = YES;
				CLANG_WARN_STRICT_PROTOTYPES = YES;
				CLANG_WARN_SUSPICIOUS_MOVE = YES;
				CLANG_WARN_UNGUARDED_AVAILABILITY = YES_AGGRESSIVE;
				CLANG_WARN_UNREACHABLE_CODE = YES;
				CLANG_WARN__DUPLICATE_METHOD_MATCH = YES;
				COPY_PHASE_STRIP = NO;
				DEBUG_INFORMATION_FORMAT = dwarf;
				ENABLE_STRICT_OBJC_MSGSEND = YES;
				ENABLE_TESTABILITY = YES;
				GCC_C_LANGUAGE_STANDARD = gnu11;
				GCC_DYNAMIC_NO_PIC = NO;
				GCC_NO_COMMON_BLOCKS = YES;
				GCC_OPTIMIZATION_LEVEL = 0;
				GCC_PREPROCESSOR_DEFINITIONS = (
					"DEBUG=1",
					"$(inherited)",
				);
				GCC_WARN_64_TO_32_BIT_CONVERSION = YES;
				GCC_WARN_ABOUT_RETURN_TYPE = YES_ERROR;
				GCC_WARN_UNDECLARED_SELECTOR = YES;
				GCC_WARN_UNINITIALIZED_AUTOS = YES_AGGRESSIVE;
				GCC_WARN_UNUSED_FUNCTION = YES;
				GCC_WARN_UNUSED_VARIABLE = YES;
				IPHONEOS_DEPLOYMENT_TARGET = 15.5;
				MTL_ENABLE_DEBUG_INFO = INCLUDE_SOURCE;
				MTL_FAST_MATH = YES;
				ONLY_ACTIVE_ARCH = YES;
				SDKROOT = iphoneos;
				SWIFT_ACTIVE_COMPILATION_CONDITIONS = DEBUG;
				SWIFT_OPTIMIZATION_LEVEL = "-Onone";
			};
			name = Debug;
		};
		2D126BEE28AD688A008DB6CD /* Release */ = {
			isa = XCBuildConfiguration;
			buildSettings = {
				ALWAYS_SEARCH_USER_PATHS = NO;
				CLANG_ANALYZER_NONNULL = YES;
				CLANG_ANALYZER_NUMBER_OBJECT_CONVERSION = YES_AGGRESSIVE;
				CLANG_CXX_LANGUAGE_STANDARD = "gnu++17";
				CLANG_ENABLE_MODULES = YES;
				CLANG_ENABLE_OBJC_ARC = YES;
				CLANG_ENABLE_OBJC_WEAK = YES;
				CLANG_WARN_BLOCK_CAPTURE_AUTORELEASING = YES;
				CLANG_WARN_BOOL_CONVERSION = YES;
				CLANG_WARN_COMMA = YES;
				CLANG_WARN_CONSTANT_CONVERSION = YES;
				CLANG_WARN_DEPRECATED_OBJC_IMPLEMENTATIONS = YES;
				CLANG_WARN_DIRECT_OBJC_ISA_USAGE = YES_ERROR;
				CLANG_WARN_DOCUMENTATION_COMMENTS = YES;
				CLANG_WARN_EMPTY_BODY = YES;
				CLANG_WARN_ENUM_CONVERSION = YES;
				CLANG_WARN_INFINITE_RECURSION = YES;
				CLANG_WARN_INT_CONVERSION = YES;
				CLANG_WARN_NON_LITERAL_NULL_CONVERSION = YES;
				CLANG_WARN_OBJC_IMPLICIT_RETAIN_SELF = YES;
				CLANG_WARN_OBJC_LITERAL_CONVERSION = YES;
				CLANG_WARN_OBJC_ROOT_CLASS = YES_ERROR;
				CLANG_WARN_QUOTED_INCLUDE_IN_FRAMEWORK_HEADER = YES;
				CLANG_WARN_RANGE_LOOP_ANALYSIS = YES;
				CLANG_WARN_STRICT_PROTOTYPES = YES;
				CLANG_WARN_SUSPICIOUS_MOVE = YES;
				CLANG_WARN_UNGUARDED_AVAILABILITY = YES_AGGRESSIVE;
				CLANG_WARN_UNREACHABLE_CODE = YES;
				CLANG_WARN__DUPLICATE_METHOD_MATCH = YES;
				COPY_PHASE_STRIP = NO;
				DEBUG_INFORMATION_FORMAT = "dwarf-with-dsym";
				ENABLE_NS_ASSERTIONS = NO;
				ENABLE_STRICT_OBJC_MSGSEND = YES;
				GCC_C_LANGUAGE_STANDARD = gnu11;
				GCC_NO_COMMON_BLOCKS = YES;
				GCC_WARN_64_TO_32_BIT_CONVERSION = YES;
				GCC_WARN_ABOUT_RETURN_TYPE = YES_ERROR;
				GCC_WARN_UNDECLARED_SELECTOR = YES;
				GCC_WARN_UNINITIALIZED_AUTOS = YES_AGGRESSIVE;
				GCC_WARN_UNUSED_FUNCTION = YES;
				GCC_WARN_UNUSED_VARIABLE = YES;
				IPHONEOS_DEPLOYMENT_TARGET = 15.5;
				MTL_ENABLE_DEBUG_INFO = NO;
				MTL_FAST_MATH = YES;
				SDKROOT = iphoneos;
				SWIFT_COMPILATION_MODE = wholemodule;
				SWIFT_OPTIMIZATION_LEVEL = "-O";
				VALIDATE_PRODUCT = YES;
			};
			name = Release;
		};
		2D126BF028AD688A008DB6CD /* Debug */ = {
			isa = XCBuildConfiguration;
			buildSettings = {
				ASSETCATALOG_COMPILER_APPICON_NAME = AppIcon;
				ASSETCATALOG_COMPILER_GLOBAL_ACCENT_COLOR_NAME = AccentColor;
				CODE_SIGN_STYLE = Automatic;
				CURRENT_PROJECT_VERSION = 1;
				DEVELOPMENT_TEAM = 5C5UNBSVK9;
				GENERATE_INFOPLIST_FILE = YES;
				INFOPLIST_FILE = ZemogaTest/Info.plist;
				INFOPLIST_KEY_UIApplicationSupportsIndirectInputEvents = YES;
				INFOPLIST_KEY_UILaunchStoryboardName = LaunchScreen;
				INFOPLIST_KEY_UISupportedInterfaceOrientations_iPad = "UIInterfaceOrientationPortrait UIInterfaceOrientationPortraitUpsideDown UIInterfaceOrientationLandscapeLeft UIInterfaceOrientationLandscapeRight";
				INFOPLIST_KEY_UISupportedInterfaceOrientations_iPhone = "UIInterfaceOrientationPortrait UIInterfaceOrientationLandscapeLeft UIInterfaceOrientationLandscapeRight";
				LD_RUNPATH_SEARCH_PATHS = (
					"$(inherited)",
					"@executable_path/Frameworks",
				);
				MARKETING_VERSION = 1.0;
				PRODUCT_BUNDLE_IDENTIFIER = com.amjr.ZemogaTest;
				PRODUCT_NAME = "$(TARGET_NAME)";
				SWIFT_EMIT_LOC_STRINGS = YES;
				SWIFT_VERSION = 5.0;
				TARGETED_DEVICE_FAMILY = "1,2";
			};
			name = Debug;
		};
		2D126BF128AD688A008DB6CD /* Release */ = {
			isa = XCBuildConfiguration;
			buildSettings = {
				ASSETCATALOG_COMPILER_APPICON_NAME = AppIcon;
				ASSETCATALOG_COMPILER_GLOBAL_ACCENT_COLOR_NAME = AccentColor;
				CODE_SIGN_STYLE = Automatic;
				CURRENT_PROJECT_VERSION = 1;
				DEVELOPMENT_TEAM = 5C5UNBSVK9;
				GENERATE_INFOPLIST_FILE = YES;
				INFOPLIST_FILE = ZemogaTest/Info.plist;
				INFOPLIST_KEY_UIApplicationSupportsIndirectInputEvents = YES;
				INFOPLIST_KEY_UILaunchStoryboardName = LaunchScreen;
				INFOPLIST_KEY_UISupportedInterfaceOrientations_iPad = "UIInterfaceOrientationPortrait UIInterfaceOrientationPortraitUpsideDown UIInterfaceOrientationLandscapeLeft UIInterfaceOrientationLandscapeRight";
				INFOPLIST_KEY_UISupportedInterfaceOrientations_iPhone = "UIInterfaceOrientationPortrait UIInterfaceOrientationLandscapeLeft UIInterfaceOrientationLandscapeRight";
				LD_RUNPATH_SEARCH_PATHS = (
					"$(inherited)",
					"@executable_path/Frameworks",
				);
				MARKETING_VERSION = 1.0;
				PRODUCT_BUNDLE_IDENTIFIER = com.amjr.ZemogaTest;
				PRODUCT_NAME = "$(TARGET_NAME)";
				SWIFT_EMIT_LOC_STRINGS = YES;
				SWIFT_VERSION = 5.0;
				TARGETED_DEVICE_FAMILY = "1,2";
			};
			name = Release;
		};
/* End XCBuildConfiguration section */

/* Begin XCConfigurationList section */
		2D126BD628AD6887008DB6CD /* Build configuration list for PBXProject "ZemogaTest" */ = {
			isa = XCConfigurationList;
			buildConfigurations = (
				2D126BED28AD688A008DB6CD /* Debug */,
				2D126BEE28AD688A008DB6CD /* Release */,
			);
			defaultConfigurationIsVisible = 0;
			defaultConfigurationName = Release;
		};
		2D126BEF28AD688A008DB6CD /* Build configuration list for PBXNativeTarget "ZemogaTest" */ = {
			isa = XCConfigurationList;
			buildConfigurations = (
				2D126BF028AD688A008DB6CD /* Debug */,
				2D126BF128AD688A008DB6CD /* Release */,
			);
			defaultConfigurationIsVisible = 0;
			defaultConfigurationName = Release;
		};
/* End XCConfigurationList section */
	};
	rootObject = 2D126BD328AD6887008DB6CD /* Project object */;
}
