// !$*UTF8*$!
{
	archiveVersion = 1;
	classes = {
	};
	objectVersion = 55;
	objects = {

/* Begin PBXBuildFile section */
		2D188C5E28ADEBF9004BD41D /* MyNetworking.framework in Frameworks */ = {isa = PBXBuildFile; fileRef = 2D188C5528ADEBF9004BD41D /* MyNetworking.framework */; };
		2D188C6328ADEBF9004BD41D /* MyNetworkingTests.swift in Sources */ = {isa = PBXBuildFile; fileRef = 2D188C6228ADEBF9004BD41D /* MyNetworkingTests.swift */; };
		2D188C6428ADEBF9004BD41D /* MyNetworking.h in Headers */ = {isa = PBXBuildFile; fileRef = 2D188C5828ADEBF9004BD41D /* MyNetworking.h */; settings = {ATTRIBUTES = (Public, ); }; };
		2D188C7328ADEC6D004BD41D /* MyNetworkingRepository.swift in Sources */ = {isa = PBXBuildFile; fileRef = 2D188C7028ADEC6D004BD41D /* MyNetworkingRepository.swift */; };
		2D188C7428ADEC6D004BD41D /* MyNetworkingService.swift in Sources */ = {isa = PBXBuildFile; fileRef = 2D188C7128ADEC6D004BD41D /* MyNetworkingService.swift */; };
		2D188C7528ADEC6D004BD41D /* MyNetworkingURLSession.swift in Sources */ = {isa = PBXBuildFile; fileRef = 2D188C7228ADEC6D004BD41D /* MyNetworkingURLSession.swift */; };
/* End PBXBuildFile section */

/* Begin PBXContainerItemProxy section */
		2D188C5F28ADEBF9004BD41D /* PBXContainerItemProxy */ = {
			isa = PBXContainerItemProxy;
			containerPortal = 2D188C4C28ADEBF9004BD41D /* Project object */;
			proxyType = 1;
			remoteGlobalIDString = 2D188C5428ADEBF9004BD41D;
			remoteInfo = MyNetworking;
		};
/* End PBXContainerItemProxy section */

/* Begin PBXFileReference section */
		2D188C5528ADEBF9004BD41D /* MyNetworking.framework */ = {isa = PBXFileReference; explicitFileType = wrapper.framework; includeInIndex = 0; path = MyNetworking.framework; sourceTree = BUILT_PRODUCTS_DIR; };
		2D188C5828ADEBF9004BD41D /* MyNetworking.h */ = {isa = PBXFileReference; lastKnownFileType = sourcecode.c.h; path = MyNetworking.h; sourceTree = "<group>"; };
		2D188C5D28ADEBF9004BD41D /* MyNetworkingTests.xctest */ = {isa = PBXFileReference; explicitFileType = wrapper.cfbundle; includeInIndex = 0; path = MyNetworkingTests.xctest; sourceTree = BUILT_PRODUCTS_DIR; };
		2D188C6228ADEBF9004BD41D /* MyNetworkingTests.swift */ = {isa = PBXFileReference; lastKnownFileType = sourcecode.swift; path = MyNetworkingTests.swift; sourceTree = "<group>"; };
		2D188C7028ADEC6D004BD41D /* MyNetworkingRepository.swift */ = {isa = PBXFileReference; fileEncoding = 4; lastKnownFileType = sourcecode.swift; path = MyNetworkingRepository.swift; sourceTree = "<group>"; };
		2D188C7128ADEC6D004BD41D /* MyNetworkingService.swift */ = {isa = PBXFileReference; fileEncoding = 4; lastKnownFileType = sourcecode.swift; path = MyNetworkingService.swift; sourceTree = "<group>"; };
		2D188C7228ADEC6D004BD41D /* MyNetworkingURLSession.swift */ = {isa = PBXFileReference; fileEncoding = 4; lastKnownFileType = sourcecode.swift; path = MyNetworkingURLSession.swift; sourceTree = "<group>"; };
/* End PBXFileReference section */

/* Begin PBXFrameworksBuildPhase section */
		2D188C5228ADEBF9004BD41D /* Frameworks */ = {
			isa = PBXFrameworksBuildPhase;
			buildActionMask = 2147483647;
			files = (
			);
			runOnlyForDeploymentPostprocessing = 0;
		};
		2D188C5A28ADEBF9004BD41D /* Frameworks */ = {
			isa = PBXFrameworksBuildPhase;
			buildActionMask = 2147483647;
			files = (
				2D188C5E28ADEBF9004BD41D /* MyNetworking.framework in Frameworks */,
			);
			runOnlyForDeploymentPostprocessing = 0;
		};
/* End PBXFrameworksBuildPhase section */

/* Begin PBXGroup section */
		2D188C4B28ADEBF9004BD41D = {
			isa = PBXGroup;
			children = (
				2D188C5728ADEBF9004BD41D /* MyNetworking */,
				2D188C6128ADEBF9004BD41D /* MyNetworkingTests */,
				2D188C5628ADEBF9004BD41D /* Products */,
			);
			sourceTree = "<group>";
		};
		2D188C5628ADEBF9004BD41D /* Products */ = {
			isa = PBXGroup;
			children = (
				2D188C5528ADEBF9004BD41D /* MyNetworking.framework */,
				2D188C5D28ADEBF9004BD41D /* MyNetworkingTests.xctest */,
			);
			name = Products;
			sourceTree = "<group>";
		};
		2D188C5728ADEBF9004BD41D /* MyNetworking */ = {
			isa = PBXGroup;
			children = (
				2D188C7628ADEDD1004BD41D /* MyNetworking */,
				2D188C5828ADEBF9004BD41D /* MyNetworking.h */,
			);
			path = MyNetworking;
			sourceTree = "<group>";
		};
		2D188C6128ADEBF9004BD41D /* MyNetworkingTests */ = {
			isa = PBXGroup;
			children = (
				2D188C6228ADEBF9004BD41D /* MyNetworkingTests.swift */,
			);
			path = MyNetworkingTests;
			sourceTree = "<group>";
		};
		2D188C7628ADEDD1004BD41D /* MyNetworking */ = {
			isa = PBXGroup;
			children = (
				2D188C7028ADEC6D004BD41D /* MyNetworkingRepository.swift */,
				2D188C7128ADEC6D004BD41D /* MyNetworkingService.swift */,
				2D188C7228ADEC6D004BD41D /* MyNetworkingURLSession.swift */,
			);
			path = MyNetworking;
			sourceTree = "<group>";
		};
/* End PBXGroup section */

/* Begin PBXHeadersBuildPhase section */
		2D188C5028ADEBF9004BD41D /* Headers */ = {
			isa = PBXHeadersBuildPhase;
			buildActionMask = 2147483647;
			files = (
				2D188C6428ADEBF9004BD41D /* MyNetworking.h in Headers */,
			);
			runOnlyForDeploymentPostprocessing = 0;
		};
/* End PBXHeadersBuildPhase section */

/* Begin PBXNativeTarget section */
		2D188C5428ADEBF9004BD41D /* MyNetworking */ = {
			isa = PBXNativeTarget;
			buildConfigurationList = 2D188C6728ADEBF9004BD41D /* Build configuration list for PBXNativeTarget "MyNetworking" */;
			buildPhases = (
				2D188C5028ADEBF9004BD41D /* Headers */,
				2D188C5128ADEBF9004BD41D /* Sources */,
				2D188C5228ADEBF9004BD41D /* Frameworks */,
				2D188C5328ADEBF9004BD41D /* Resources */,
			);
			buildRules = (
			);
			dependencies = (
			);
			name = MyNetworking;
			productName = MyNetworking;
			productReference = 2D188C5528ADEBF9004BD41D /* MyNetworking.framework */;
			productType = "com.apple.product-type.framework";
		};
		2D188C5C28ADEBF9004BD41D /* MyNetworkingTests */ = {
			isa = PBXNativeTarget;
			buildConfigurationList = 2D188C6A28ADEBF9004BD41D /* Build configuration list for PBXNativeTarget "MyNetworkingTests" */;
			buildPhases = (
				2D188C5928ADEBF9004BD41D /* Sources */,
				2D188C5A28ADEBF9004BD41D /* Frameworks */,
				2D188C5B28ADEBF9004BD41D /* Resources */,
			);
			buildRules = (
			);
			dependencies = (
				2D188C6028ADEBF9004BD41D /* PBXTargetDependency */,
			);
			name = MyNetworkingTests;
			productName = MyNetworkingTests;
			productReference = 2D188C5D28ADEBF9004BD41D /* MyNetworkingTests.xctest */;
			productType = "com.apple.product-type.bundle.unit-test";
		};
/* End PBXNativeTarget section */

/* Begin PBXProject section */
		2D188C4C28ADEBF9004BD41D /* Project object */ = {
			isa = PBXProject;
			attributes = {
				BuildIndependentTargetsInParallel = 1;
				LastSwiftUpdateCheck = 1340;
				LastUpgradeCheck = 1340;
				TargetAttributes = {
					2D188C5428ADEBF9004BD41D = {
						CreatedOnToolsVersion = 13.4.1;
						LastSwiftMigration = 1340;
					};
					2D188C5C28ADEBF9004BD41D = {
						CreatedOnToolsVersion = 13.4.1;
					};
				};
			};
			buildConfigurationList = 2D188C4F28ADEBF9004BD41D /* Build configuration list for PBXProject "MyNetworking" */;
			compatibilityVersion = "Xcode 13.0";
			developmentRegion = en;
			hasScannedForEncodings = 0;
			knownRegions = (
				en,
				Base,
			);
			mainGroup = 2D188C4B28ADEBF9004BD41D;
			productRefGroup = 2D188C5628ADEBF9004BD41D /* Products */;
			projectDirPath = "";
			projectRoot = "";
			targets = (
				2D188C5428ADEBF9004BD41D /* MyNetworking */,
				2D188C5C28ADEBF9004BD41D /* MyNetworkingTests */,
			);
		};
/* End PBXProject section */

/* Begin PBXResourcesBuildPhase section */
		2D188C5328ADEBF9004BD41D /* Resources */ = {
			isa = PBXResourcesBuildPhase;
			buildActionMask = 2147483647;
			files = (
			);
			runOnlyForDeploymentPostprocessing = 0;
		};
		2D188C5B28ADEBF9004BD41D /* Resources */ = {
			isa = PBXResourcesBuildPhase;
			buildActionMask = 2147483647;
			files = (
			);
			runOnlyForDeploymentPostprocessing = 0;
		};
/* End PBXResourcesBuildPhase section */

/* Begin PBXSourcesBuildPhase section */
		2D188C5128ADEBF9004BD41D /* Sources */ = {
			isa = PBXSourcesBuildPhase;
			buildActionMask = 2147483647;
			files = (
				2D188C7528ADEC6D004BD41D /* MyNetworkingURLSession.swift in Sources */,
				2D188C7328ADEC6D004BD41D /* MyNetworkingRepository.swift in Sources */,
				2D188C7428ADEC6D004BD41D /* MyNetworkingService.swift in Sources */,
			);
			runOnlyForDeploymentPostprocessing = 0;
		};
		2D188C5928ADEBF9004BD41D /* Sources */ = {
			isa = PBXSourcesBuildPhase;
			buildActionMask = 2147483647;
			files = (
				2D188C6328ADEBF9004BD41D /* MyNetworkingTests.swift in Sources */,
			);
			runOnlyForDeploymentPostprocessing = 0;
		};
/* End PBXSourcesBuildPhase section */

/* Begin PBXTargetDependency section */
		2D188C6028ADEBF9004BD41D /* PBXTargetDependency */ = {
			isa = PBXTargetDependency;
			target = 2D188C5428ADEBF9004BD41D /* MyNetworking */;
			targetProxy = 2D188C5F28ADEBF9004BD41D /* PBXContainerItemProxy */;
		};
/* End PBXTargetDependency section */

/* Begin XCBuildConfiguration section */
		2D188C6528ADEBF9004BD41D /* Debug */ = {
			isa = XCBuildConfiguration;
			buildSettings = {
				ALWAYS_SEARCH_USER_PATHS = NO;
				CLANG_ANALYZER_NONNULL = YES;
				CLANG_ANALYZER_NUMBER_OBJECT_CONVERSION = YES_AGGRESSIVE;
				CLANG_CXX_LANGUAGE_STANDARD = "gnu++17";
				CLANG_ENABLE_MODULES = YES;
				CLANG_ENABLE_OBJC_ARC = YES;
				CLANG_ENABLE_OBJC_WEAK = YES;
				CLANG_WARN_BLOCK_CAPTURE_AUTORELEASING = YES;
				CLANG_WARN_BOOL_CONVERSION = YES;
				CLANG_WARN_COMMA = YES;
				CLANG_WARN_CONSTANT_CONVERSION = YES;
				CLANG_WARN_DEPRECATED_OBJC_IMPLEMENTATIONS = YES;
				CLANG_WARN_DIRECT_OBJC_ISA_USAGE = YES_ERROR;
				CLANG_WARN_DOCUMENTATION_COMMENTS = YES;
				CLANG_WARN_EMPTY_BODY = YES;
				CLANG_WARN_ENUM_CONVERSION = YES;
				CLANG_WARN_INFINITE_RECURSION = YES;
				CLANG_WARN_INT_CONVERSION = YES;
				CLANG_WARN_NON_LITERAL_NULL_CONVERSION = YES;
				CLANG_WARN_OBJC_IMPLICIT_RETAIN_SELF = YES;
				CLANG_WARN_OBJC_LITERAL_CONVERSION = YES;
				CLANG_WARN_OBJC_ROOT_CLASS = YES_ERROR;
				CLANG_WARN_QUOTED_INCLUDE_IN_FRAMEWORK_HEADER = YES;
				CLANG_WARN_RANGE_LOOP_ANALYSIS = YES;
				CLANG_WARN_STRICT_PROTOTYPES = YES;
				CLANG_WARN_SUSPICIOUS_MOVE = YES;
				CLANG_WARN_UNGUARDED_AVAILABILITY = YES_AGGRESSIVE;
				CLANG_WARN_UNREACHABLE_CODE = YES;
				CLANG_WARN__DUPLICATE_METHOD_MATCH = YES;
				COPY_PHASE_STRIP = NO;
				CURRENT_PROJECT_VERSION = 1;
				DEBUG_INFORMATION_FORMAT = dwarf;
				ENABLE_STRICT_OBJC_MSGSEND = YES;
				ENABLE_TESTABILITY = YES;
				GCC_C_LANGUAGE_STANDARD = gnu11;
				GCC_DYNAMIC_NO_PIC = NO;
				GCC_NO_COMMON_BLOCKS = YES;
				GCC_OPTIMIZATION_LEVEL = 0;
				GCC_PREPROCESSOR_DEFINITIONS = (
					"DEBUG=1",
					"$(inherited)",
				);
				GCC_WARN_64_TO_32_BIT_CONVERSION = YES;
				GCC_WARN_ABOUT_RETURN_TYPE = YES_ERROR;
				GCC_WARN_UNDECLARED_SELECTOR = YES;
				GCC_WARN_UNINITIALIZED_AUTOS = YES_AGGRESSIVE;
				GCC_WARN_UNUSED_FUNCTION = YES;
				GCC_WARN_UNUSED_VARIABLE = YES;
				IPHONEOS_DEPLOYMENT_TARGET = 15.5;
				MTL_ENABLE_DEBUG_INFO = INCLUDE_SOURCE;
				MTL_FAST_MATH = YES;
				ONLY_ACTIVE_ARCH = YES;
				SDKROOT = iphoneos;
				SWIFT_ACTIVE_COMPILATION_CONDITIONS = DEBUG;
				SWIFT_OPTIMIZATION_LEVEL = "-Onone";
				VERSIONING_SYSTEM = "apple-generic";
				VERSION_INFO_PREFIX = "";
			};
			name = Debug;
		};
		2D188C6628ADEBF9004BD41D /* Release */ = {
			isa = XCBuildConfiguration;
			buildSettings = {
				ALWAYS_SEARCH_USER_PATHS = NO;
				CLANG_ANALYZER_NONNULL = YES;
				CLANG_ANALYZER_NUMBER_OBJECT_CONVERSION = YES_AGGRESSIVE;
				CLANG_CXX_LANGUAGE_STANDARD = "gnu++17";
				CLANG_ENABLE_MODULES = YES;
				CLANG_ENABLE_OBJC_ARC = YES;
				CLANG_ENABLE_OBJC_WEAK = YES;
				CLANG_WARN_BLOCK_CAPTURE_AUTORELEASING = YES;
				CLANG_WARN_BOOL_CONVERSION = YES;
				CLANG_WARN_COMMA = YES;
				CLANG_WARN_CONSTANT_CONVERSION = YES;
				CLANG_WARN_DEPRECATED_OBJC_IMPLEMENTATIONS = YES;
				CLANG_WARN_DIRECT_OBJC_ISA_USAGE = YES_ERROR;
				CLANG_WARN_DOCUMENTATION_COMMENTS = YES;
				CLANG_WARN_EMPTY_BODY = YES;
				CLANG_WARN_ENUM_CONVERSION = YES;
				CLANG_WARN_INFINITE_RECURSION = YES;
				CLANG_WARN_INT_CONVERSION = YES;
				CLANG_WARN_NON_LITERAL_NULL_CONVERSION = YES;
				CLANG_WARN_OBJC_IMPLICIT_RETAIN_SELF = YES;
				CLANG_WARN_OBJC_LITERAL_CONVERSION = YES;
				CLANG_WARN_OBJC_ROOT_CLASS = YES_ERROR;
				CLANG_WARN_QUOTED_INCLUDE_IN_FRAMEWORK_HEADER = YES;
				CLANG_WARN_RANGE_LOOP_ANALYSIS = YES;
				CLANG_WARN_STRICT_PROTOTYPES = YES;
				CLANG_WARN_SUSPICIOUS_MOVE = YES;
				CLANG_WARN_UNGUARDED_AVAILABILITY = YES_AGGRESSIVE;
				CLANG_WARN_UNREACHABLE_CODE = YES;
				CLANG_WARN__DUPLICATE_METHOD_MATCH = YES;
				COPY_PHASE_STRIP = NO;
				CURRENT_PROJECT_VERSION = 1;
				DEBUG_INFORMATION_FORMAT = "dwarf-with-dsym";
				ENABLE_NS_ASSERTIONS = NO;
				ENABLE_STRICT_OBJC_MSGSEND = YES;
				GCC_C_LANGUAGE_STANDARD = gnu11;
				GCC_NO_COMMON_BLOCKS = YES;
				GCC_WARN_64_TO_32_BIT_CONVERSION = YES;
				GCC_WARN_ABOUT_RETURN_TYPE = YES_ERROR;
				GCC_WARN_UNDECLARED_SELECTOR = YES;
				GCC_WARN_UNINITIALIZED_AUTOS = YES_AGGRESSIVE;
				GCC_WARN_UNUSED_FUNCTION = YES;
				GCC_WARN_UNUSED_VARIABLE = YES;
				IPHONEOS_DEPLOYMENT_TARGET = 15.5;
				MTL_ENABLE_DEBUG_INFO = NO;
				MTL_FAST_MATH = YES;
				SDKROOT = iphoneos;
				SWIFT_COMPILATION_MODE = wholemodule;
				SWIFT_OPTIMIZATION_LEVEL = "-O";
				VALIDATE_PRODUCT = YES;
				VERSIONING_SYSTEM = "apple-generic";
				VERSION_INFO_PREFIX = "";
			};
			name = Release;
		};
		2D188C6828ADEBF9004BD41D /* Debug */ = {
			isa = XCBuildConfiguration;
			buildSettings = {
				CLANG_ENABLE_MODULES = YES;
				CODE_SIGN_STYLE = Automatic;
				CURRENT_PROJECT_VERSION = 1;
				DEFINES_MODULE = YES;
				DEVELOPMENT_TEAM = 5C5UNBSVK9;
				DYLIB_COMPATIBILITY_VERSION = 1;
				DYLIB_CURRENT_VERSION = 1;
				DYLIB_INSTALL_NAME_BASE = "@rpath";
				GENERATE_INFOPLIST_FILE = YES;
				INFOPLIST_KEY_NSHumanReadableCopyright = "";
				INSTALL_PATH = "$(LOCAL_LIBRARY_DIR)/Frameworks";
				LD_RUNPATH_SEARCH_PATHS = (
					"$(inherited)",
					"@executable_path/Frameworks",
					"@loader_path/Frameworks",
				);
				MARKETING_VERSION = 1.0;
				PRODUCT_BUNDLE_IDENTIFIER = com.amjr.MyNetworking;
				PRODUCT_NAME = "$(TARGET_NAME:c99extidentifier)";
				SKIP_INSTALL = YES;
				SWIFT_EMIT_LOC_STRINGS = YES;
				SWIFT_OPTIMIZATION_LEVEL = "-Onone";
				SWIFT_VERSION = 5.0;
				TARGETED_DEVICE_FAMILY = "1,2";
			};
			name = Debug;
		};
		2D188C6928ADEBF9004BD41D /* Release */ = {
			isa = XCBuildConfiguration;
			buildSettings = {
				CLANG_ENABLE_MODULES = YES;
				CODE_SIGN_STYLE = Automatic;
				CURRENT_PROJECT_VERSION = 1;
				DEFINES_MODULE = YES;
				DEVELOPMENT_TEAM = 5C5UNBSVK9;
				DYLIB_COMPATIBILITY_VERSION = 1;
				DYLIB_CURRENT_VERSION = 1;
				DYLIB_INSTALL_NAME_BASE = "@rpath";
				GENERATE_INFOPLIST_FILE = YES;
				INFOPLIST_KEY_NSHumanReadableCopyright = "";
				INSTALL_PATH = "$(LOCAL_LIBRARY_DIR)/Frameworks";
				LD_RUNPATH_SEARCH_PATHS = (
					"$(inherited)",
					"@executable_path/Frameworks",
					"@loader_path/Frameworks",
				);
				MARKETING_VERSION = 1.0;
				PRODUCT_BUNDLE_IDENTIFIER = com.amjr.MyNetworking;
				PRODUCT_NAME = "$(TARGET_NAME:c99extidentifier)";
				SKIP_INSTALL = YES;
				SWIFT_EMIT_LOC_STRINGS = YES;
				SWIFT_VERSION = 5.0;
				TARGETED_DEVICE_FAMILY = "1,2";
			};
			name = Release;
		};
		2D188C6B28ADEBF9004BD41D /* Debug */ = {
			isa = XCBuildConfiguration;
			buildSettings = {
				ALWAYS_EMBED_SWIFT_STANDARD_LIBRARIES = YES;
				CODE_SIGN_STYLE = Automatic;
				CURRENT_PROJECT_VERSION = 1;
				DEVELOPMENT_TEAM = 5C5UNBSVK9;
				GENERATE_INFOPLIST_FILE = YES;
				MARKETING_VERSION = 1.0;
				PRODUCT_BUNDLE_IDENTIFIER = com.amjr.MyNetworkingTests;
				PRODUCT_NAME = "$(TARGET_NAME)";
				SWIFT_EMIT_LOC_STRINGS = NO;
				SWIFT_VERSION = 5.0;
				TARGETED_DEVICE_FAMILY = "1,2";
			};
			name = Debug;
		};
		2D188C6C28ADEBF9004BD41D /* Release */ = {
			isa = XCBuildConfiguration;
			buildSettings = {
				ALWAYS_EMBED_SWIFT_STANDARD_LIBRARIES = YES;
				CODE_SIGN_STYLE = Automatic;
				CURRENT_PROJECT_VERSION = 1;
				DEVELOPMENT_TEAM = 5C5UNBSVK9;
				GENERATE_INFOPLIST_FILE = YES;
				MARKETING_VERSION = 1.0;
				PRODUCT_BUNDLE_IDENTIFIER = com.amjr.MyNetworkingTests;
				PRODUCT_NAME = "$(TARGET_NAME)";
				SWIFT_EMIT_LOC_STRINGS = NO;
				SWIFT_VERSION = 5.0;
				TARGETED_DEVICE_FAMILY = "1,2";
			};
			name = Release;
		};
/* End XCBuildConfiguration section */

/* Begin XCConfigurationList section */
		2D188C4F28ADEBF9004BD41D /* Build configuration list for PBXProject "MyNetworking" */ = {
			isa = XCConfigurationList;
			buildConfigurations = (
				2D188C6528ADEBF9004BD41D /* Debug */,
				2D188C6628ADEBF9004BD41D /* Release */,
			);
			defaultConfigurationIsVisible = 0;
			defaultConfigurationName = Release;
		};
		2D188C6728ADEBF9004BD41D /* Build configuration list for PBXNativeTarget "MyNetworking" */ = {
			isa = XCConfigurationList;
			buildConfigurations = (
				2D188C6828ADEBF9004BD41D /* Debug */,
				2D188C6928ADEBF9004BD41D /* Release */,
			);
			defaultConfigurationIsVisible = 0;
			defaultConfigurationName = Release;
		};
		2D188C6A28ADEBF9004BD41D /* Build configuration list for PBXNativeTarget "MyNetworkingTests" */ = {
			isa = XCConfigurationList;
			buildConfigurations = (
				2D188C6B28ADEBF9004BD41D /* Debug */,
				2D188C6C28ADEBF9004BD41D /* Release */,
			);
			defaultConfigurationIsVisible = 0;
			defaultConfigurationName = Release;
		};
/* End XCConfigurationList section */
	};
	rootObject = 2D188C4C28ADEBF9004BD41D /* Project object */;
}
